
Microsoft Visual Studio Solution File, Format Version 12.00
# Visual Studio 15
Project("{FAE04EC0-301F-11D3-BF4B-00C04F79EFBC}") = "Assembly-CSharp", "Assembly-CSharp.csproj", "{6CAE1BC0-D39C-1C3F-AD87-4D4B0F64E605}"
EndProject
Project("{FAE04EC0-301F-11D3-BF4B-00C04F79EFBC}") = "Assembly-CSharp-Editor", "Assembly-CSharp-Editor.csproj", "{EF2E2073-05D5-BE78-9140-F3A850DACBE0}"
EndProject
Global
	GlobalSection(SolutionConfigurationPlatforms) = preSolution
		Debug|Any CPU = Debug|Any CPU
		Release|Any CPU = Release|Any CPU
	EndGlobalSection
	GlobalSection(ProjectConfigurationPlatforms) = postSolution
		{6CAE1BC0-D39C-1C3F-AD87-4D4B0F64E605}.Debug|Any CPU.ActiveCfg = Debug|Any CPU
		{6CAE1BC0-D39C-1C3F-AD87-4D4B0F64E605}.Debug|Any CPU.Build.0 = Debug|Any CPU
		{6CAE1BC0-D39C-1C3F-AD87-4D4B0F64E605}.Release|Any CPU.ActiveCfg = Release|Any CPU
		{6CAE1BC0-D39C-1C3F-AD87-4D4B0F64E605}.Release|Any CPU.Build.0 = Release|Any CPU
		{EF2E2073-05D5-BE78-9140-F3A850DACBE0}.Debug|Any CPU.ActiveCfg = Debug|Any CPU
		{EF2E2073-05D5-BE78-9140-F3A850DACBE0}.Debug|Any CPU.Build.0 = Debug|Any CPU
		{EF2E2073-05D5-BE78-9140-F3A850DACBE0}.Release|Any CPU.ActiveCfg = Release|Any CPU
		{EF2E2073-05D5-BE78-9140-F3A850DACBE0}.Release|Any CPU.Build.0 = Release|Any CPU
	EndGlobalSection
	GlobalSection(SolutionProperties) = preSolution
		HideSolutionNode = FALSE
	EndGlobalSection
EndGlobal
